
Microsoft Visual Studio Solution File, Format Version 12.00
# Visual Studio Version 16
VisualStudioVersion = 16.0.29509.3
MinimumVisualStudioVersion = 10.0.40219.1
Project("{FAE04EC0-301F-11D3-BF4B-00C04F79EFBC}") = "Menzy", "Menzy\Menzy.csproj", "{216B6940-F83A-467E-B69F-081BDA5CD372}"
EndProject
Global
	GlobalSection(SolutionConfigurationPlatforms) = preSolution
		Debug|Any CPU = Debug|Any CPU
		Release|Any CPU = Release|Any CPU
	EndGlobalSection
	GlobalSection(ProjectConfigurationPlatforms) = postSolution
		{216B6940-F83A-467E-B69F-081BDA5CD372}.Debug|Any CPU.ActiveCfg = Debug|Any CPU
		{216B6940-F83A-467E-B69F-081BDA5CD372}.Debug|Any CPU.Build.0 = Debug|Any CPU
		{216B6940-F83A-467E-B69F-081BDA5CD372}.Release|Any CPU.ActiveCfg = Release|Any CPU
		{216B6940-F83A-467E-B69F-081BDA5CD372}.Release|Any CPU.Build.0 = Release|Any CPU
	EndGlobalSection
	GlobalSection(SolutionProperties) = preSolution
		HideSolutionNode = FALSE
	EndGlobalSection
	GlobalSection(ExtensibilityGlobals) = postSolution
		SolutionGuid = {DE802EA3-6563-4746-BEF2-596813A1CE1B}
	EndGlobalSection
EndGlobal
